
Microsoft Visual Studio Solution File, Format Version 12.00
# Visual Studio Version 18
VisualStudioVersion = 18.0.11005.162 d18.0
MinimumVisualStudioVersion = 10.0.40219.1
Project("{FAE04EC0-301F-11D3-BF4B-00C04F79EFBC}") = "GestionUniversitaria.Libreria.Tests", "GestionUniversitaria.Libreria.Tests\GestionUniversitaria.Libreria.Tests.csproj", "{2F8442E4-9702-EC93-6DA6-248F4C991B52}"
EndProject
Project("{FAE04EC0-301F-11D3-BF4B-00C04F79EFBC}") = "GestionUniversitaria.Libreria", "GestionUniversitaria.Libreria\GestionUniversitaria.Libreria.csproj", "{F91A403A-D13C-4572-81E8-03C41CE994E4}"
EndProject
Global
	GlobalSection(SolutionConfigurationPlatforms) = preSolution
		Debug|Any CPU = Debug|Any CPU
		Release|Any CPU = Release|Any CPU
	EndGlobalSection
	GlobalSection(ProjectConfigurationPlatforms) = postSolution
		{2F8442E4-9702-EC93-6DA6-248F4C991B52}.Debug|Any CPU.ActiveCfg = Debug|Any CPU
		{2F8442E4-9702-EC93-6DA6-248F4C991B52}.Debug|Any CPU.Build.0 = Debug|Any CPU
		{2F8442E4-9702-EC93-6DA6-248F4C991B52}.Release|Any CPU.ActiveCfg = Release|Any CPU
		{2F8442E4-9702-EC93-6DA6-248F4C991B52}.Release|Any CPU.Build.0 = Release|Any CPU
		{F91A403A-D13C-4572-81E8-03C41CE994E4}.Debug|Any CPU.ActiveCfg = Debug|Any CPU
		{F91A403A-D13C-4572-81E8-03C41CE994E4}.Debug|Any CPU.Build.0 = Debug|Any CPU
		{F91A403A-D13C-4572-81E8-03C41CE994E4}.Release|Any CPU.ActiveCfg = Release|Any CPU
		{F91A403A-D13C-4572-81E8-03C41CE994E4}.Release|Any CPU.Build.0 = Release|Any CPU
	EndGlobalSection
	GlobalSection(SolutionProperties) = preSolution
		HideSolutionNode = FALSE
	EndGlobalSection
EndGlobal
